
Microsoft Visual Studio Solution File, Format Version 12.00
# Visual Studio Version 17
VisualStudioVersion = 17.6.33829.357
MinimumVisualStudioVersion = 10.0.40219.1
Project("{FAE04EC0-301F-11D3-BF4B-00C04F79EFBC}") = "C#Exam", "C#Exam\C#Exam.csproj", "{36CD1CD6-E4B7-481B-8F96-15613CBF72F0}"
EndProject
Global
	GlobalSection(SolutionConfigurationPlatforms) = preSolution
		Debug|Any CPU = Debug|Any CPU
		Release|Any CPU = Release|Any CPU
	EndGlobalSection
	GlobalSection(ProjectConfigurationPlatforms) = postSolution
		{36CD1CD6-E4B7-481B-8F96-15613CBF72F0}.Debug|Any CPU.ActiveCfg = Debug|Any CPU
		{36CD1CD6-E4B7-481B-8F96-15613CBF72F0}.Debug|Any CPU.Build.0 = Debug|Any CPU
		{36CD1CD6-E4B7-481B-8F96-15613CBF72F0}.Release|Any CPU.ActiveCfg = Release|Any CPU
		{36CD1CD6-E4B7-481B-8F96-15613CBF72F0}.Release|Any CPU.Build.0 = Release|Any CPU
	EndGlobalSection
	GlobalSection(SolutionProperties) = preSolution
		HideSolutionNode = FALSE
	EndGlobalSection
	GlobalSection(ExtensibilityGlobals) = postSolution
		SolutionGuid = {633AF36D-0846-4D88-A154-489B819CE5A7}
	EndGlobalSection
EndGlobal
